
Microsoft Visual Studio Solution File, Format Version 12.00
# Visual Studio 14
VisualStudioVersion = 14.0.24720.0
MinimumVisualStudioVersion = 10.0.40219.1
Project("{FAE04EC0-301F-11D3-BF4B-00C04F79EFBC}") = "VendingMachineKata.UnitTests", "VendingMachineKata.UnitTests\VendingMachineKata.UnitTests.csproj", "{13FBF8E9-1C6C-421A-986A-DCE296E28655}"
EndProject
Project("{FAE04EC0-301F-11D3-BF4B-00C04F79EFBC}") = "VendingMachineKata", "VendingMachineKata\VendingMachineKata.csproj", "{912E8E93-CCF5-4F22-9DF9-2F5D19F9BAE1}"
EndProject
Global
	GlobalSection(SolutionConfigurationPlatforms) = preSolution
		Debug|Any CPU = Debug|Any CPU
		Release|Any CPU = Release|Any CPU
	EndGlobalSection
	GlobalSection(ProjectConfigurationPlatforms) = postSolution
		{13FBF8E9-1C6C-421A-986A-DCE296E28655}.Debug|Any CPU.ActiveCfg = Debug|Any CPU
		{13FBF8E9-1C6C-421A-986A-DCE296E28655}.Debug|Any CPU.Build.0 = Debug|Any CPU
		{13FBF8E9-1C6C-421A-986A-DCE296E28655}.Release|Any CPU.ActiveCfg = Release|Any CPU
		{13FBF8E9-1C6C-421A-986A-DCE296E28655}.Release|Any CPU.Build.0 = Release|Any CPU
		{912E8E93-CCF5-4F22-9DF9-2F5D19F9BAE1}.Debug|Any CPU.ActiveCfg = Debug|Any CPU
		{912E8E93-CCF5-4F22-9DF9-2F5D19F9BAE1}.Debug|Any CPU.Build.0 = Debug|Any CPU
		{912E8E93-CCF5-4F22-9DF9-2F5D19F9BAE1}.Release|Any CPU.ActiveCfg = Release|Any CPU
		{912E8E93-CCF5-4F22-9DF9-2F5D19F9BAE1}.Release|Any CPU.Build.0 = Release|Any CPU
	EndGlobalSection
	GlobalSection(SolutionProperties) = preSolution
		HideSolutionNode = FALSE
	EndGlobalSection
EndGlobal
